
Microsoft Visual Studio Solution File, Format Version 12.00
# Visual Studio Version 16
VisualStudioVersion = 16.0.33130.400
MinimumVisualStudioVersion = 10.0.40219.1
Project("{8BC9CEB8-8B4A-11D0-8D11-00A0C91BC942}") = "StackA_SP23", "StackA_SP23\StackA_SP23.vcxproj", "{D91C3FA3-CE5A-416F-B9A3-95E64C9755FC}"
EndProject
Global
	GlobalSection(SolutionConfigurationPlatforms) = preSolution
		Debug|x64 = Debug|x64
		Debug|x86 = Debug|x86
		Release|x64 = Release|x64
		Release|x86 = Release|x86
	EndGlobalSection
	GlobalSection(ProjectConfigurationPlatforms) = postSolution
		{D91C3FA3-CE5A-416F-B9A3-95E64C9755FC}.Debug|x64.ActiveCfg = Debug|x64
		{D91C3FA3-CE5A-416F-B9A3-95E64C9755FC}.Debug|x64.Build.0 = Debug|x64
		{D91C3FA3-CE5A-416F-B9A3-95E64C9755FC}.Debug|x86.ActiveCfg = Debug|Win32
		{D91C3FA3-CE5A-416F-B9A3-95E64C9755FC}.Debug|x86.Build.0 = Debug|Win32
		{D91C3FA3-CE5A-416F-B9A3-95E64C9755FC}.Release|x64.ActiveCfg = Release|x64
		{D91C3FA3-CE5A-416F-B9A3-95E64C9755FC}.Release|x64.Build.0 = Release|x64
		{D91C3FA3-CE5A-416F-B9A3-95E64C9755FC}.Release|x86.ActiveCfg = Release|Win32
		{D91C3FA3-CE5A-416F-B9A3-95E64C9755FC}.Release|x86.Build.0 = Release|Win32
	EndGlobalSection
	GlobalSection(SolutionProperties) = preSolution
		HideSolutionNode = FALSE
	EndGlobalSection
	GlobalSection(ExtensibilityGlobals) = postSolution
		SolutionGuid = {DD1E481A-51A7-4B7D-84E5-4E24657D3A0B}
	EndGlobalSection
EndGlobal
